
Microsoft Visual Studio Solution File, Format Version 12.00
# Visual Studio Version 17
VisualStudioVersion = 17.5.33627.172
MinimumVisualStudioVersion = 10.0.40219.1
Project("{FAE04EC0-301F-11D3-BF4B-00C04F79EFBC}") = "crud_sqlite", "crud_sqlite.csproj", "{B272EC65-8495-40F3-9A45-FEB9573A1E5D}"
EndProject
Global
	GlobalSection(SolutionConfigurationPlatforms) = preSolution
		Debug|Any CPU = Debug|Any CPU
		Release|Any CPU = Release|Any CPU
	EndGlobalSection
	GlobalSection(ProjectConfigurationPlatforms) = postSolution
		{B272EC65-8495-40F3-9A45-FEB9573A1E5D}.Debug|Any CPU.ActiveCfg = Debug|Any CPU
		{B272EC65-8495-40F3-9A45-FEB9573A1E5D}.Debug|Any CPU.Build.0 = Debug|Any CPU
		{B272EC65-8495-40F3-9A45-FEB9573A1E5D}.Release|Any CPU.ActiveCfg = Release|Any CPU
		{B272EC65-8495-40F3-9A45-FEB9573A1E5D}.Release|Any CPU.Build.0 = Release|Any CPU
	EndGlobalSection
	GlobalSection(SolutionProperties) = preSolution
		HideSolutionNode = FALSE
	EndGlobalSection
	GlobalSection(ExtensibilityGlobals) = postSolution
		SolutionGuid = {D0678604-7113-49CB-99BE-B2E60A3295A4}
	EndGlobalSection
EndGlobal
